Microsoft Visual Studio Solution File, Format Version 12.00
# Visual Studio 2013
Project("{8BC9CEB8-8B4A-11D0-8D11-00A0C91BC942}") = "ALL_BUILD", "ALL_BUILD.vcxproj", "{115D2BED-B7E9-40BE-ACFB-136C807919AD}"
	ProjectSection(ProjectDependencies) = postProject
		{FE692182-36BD-4B90-BBC9-EE7BA7A351C4} = {FE692182-36BD-4B90-BBC9-EE7BA7A351C4}
		{BEC5634E-3D84-4CB2-8F53-B54A24D11210} = {BEC5634E-3D84-4CB2-8F53-B54A24D11210}
		{905B5004-9965-45BB-9169-E35BFD3D6248} = {905B5004-9965-45BB-9169-E35BFD3D6248}
	EndProjectSection
EndProject
Project("{8BC9CEB8-8B4A-11D0-8D11-00A0C91BC942}") = "ZERO_CHECK", "ZERO_CHECK.vcxproj", "{FE692182-36BD-4B90-BBC9-EE7BA7A351C4}"
	ProjectSection(ProjectDependencies) = postProject
	EndProjectSection
EndProject
Project("{8BC9CEB8-8B4A-11D0-8D11-00A0C91BC942}") = "portaudio", "portaudio.vcxproj", "{BEC5634E-3D84-4CB2-8F53-B54A24D11210}"
	ProjectSection(ProjectDependencies) = postProject
		{FE692182-36BD-4B90-BBC9-EE7BA7A351C4} = {FE692182-36BD-4B90-BBC9-EE7BA7A351C4}
	EndProjectSection
EndProject
Project("{8BC9CEB8-8B4A-11D0-8D11-00A0C91BC942}") = "portaudio_static", "portaudio_static.vcxproj", "{905B5004-9965-45BB-9169-E35BFD3D6248}"
	ProjectSection(ProjectDependencies) = postProject
		{FE692182-36BD-4B90-BBC9-EE7BA7A351C4} = {FE692182-36BD-4B90-BBC9-EE7BA7A351C4}
	EndProjectSection
EndProject
Global
	GlobalSection(SolutionConfigurationPlatforms) = preSolution
		Debug|Win32 = Debug|Win32
		Release|Win32 = Release|Win32
		MinSizeRel|Win32 = MinSizeRel|Win32
		RelWithDebInfo|Win32 = RelWithDebInfo|Win32
	EndGlobalSection
	GlobalSection(ProjectConfigurationPlatforms) = postSolution
		{115D2BED-B7E9-40BE-ACFB-136C807919AD}.Debug|Win32.ActiveCfg = Debug|Win32
		{115D2BED-B7E9-40BE-ACFB-136C807919AD}.Release|Win32.ActiveCfg = Release|Win32
		{115D2BED-B7E9-40BE-ACFB-136C807919AD}.MinSizeRel|Win32.ActiveCfg = MinSizeRel|Win32
		{115D2BED-B7E9-40BE-ACFB-136C807919AD}.RelWithDebInfo|Win32.ActiveCfg = RelWithDebInfo|Win32
		{FE692182-36BD-4B90-BBC9-EE7BA7A351C4}.Debug|Win32.ActiveCfg = Debug|Win32
		{FE692182-36BD-4B90-BBC9-EE7BA7A351C4}.Debug|Win32.Build.0 = Debug|Win32
		{FE692182-36BD-4B90-BBC9-EE7BA7A351C4}.Release|Win32.ActiveCfg = Release|Win32
		{FE692182-36BD-4B90-BBC9-EE7BA7A351C4}.Release|Win32.Build.0 = Release|Win32
		{FE692182-36BD-4B90-BBC9-EE7BA7A351C4}.MinSizeRel|Win32.ActiveCfg = MinSizeRel|Win32
		{FE692182-36BD-4B90-BBC9-EE7BA7A351C4}.MinSizeRel|Win32.Build.0 = MinSizeRel|Win32
		{FE692182-36BD-4B90-BBC9-EE7BA7A351C4}.RelWithDebInfo|Win32.ActiveCfg = RelWithDebInfo|Win32
		{FE692182-36BD-4B90-BBC9-EE7BA7A351C4}.RelWithDebInfo|Win32.Build.0 = RelWithDebInfo|Win32
		{BEC5634E-3D84-4CB2-8F53-B54A24D11210}.Debug|Win32.ActiveCfg = Debug|Win32
		{BEC5634E-3D84-4CB2-8F53-B54A24D11210}.Debug|Win32.Build.0 = Debug|Win32
		{BEC5634E-3D84-4CB2-8F53-B54A24D11210}.Release|Win32.ActiveCfg = Release|Win32
		{BEC5634E-3D84-4CB2-8F53-B54A24D11210}.Release|Win32.Build.0 = Release|Win32
		{BEC5634E-3D84-4CB2-8F53-B54A24D11210}.MinSizeRel|Win32.ActiveCfg = MinSizeRel|Win32
		{BEC5634E-3D84-4CB2-8F53-B54A24D11210}.MinSizeRel|Win32.Build.0 = MinSizeRel|Win32
		{BEC5634E-3D84-4CB2-8F53-B54A24D11210}.RelWithDebInfo|Win32.ActiveCfg = RelWithDebInfo|Win32
		{BEC5634E-3D84-4CB2-8F53-B54A24D11210}.RelWithDebInfo|Win32.Build.0 = RelWithDebInfo|Win32
		{905B5004-9965-45BB-9169-E35BFD3D6248}.Debug|Win32.ActiveCfg = Debug|Win32
		{905B5004-9965-45BB-9169-E35BFD3D6248}.Debug|Win32.Build.0 = Debug|Win32
		{905B5004-9965-45BB-9169-E35BFD3D6248}.Release|Win32.ActiveCfg = Release|Win32
		{905B5004-9965-45BB-9169-E35BFD3D6248}.Release|Win32.Build.0 = Release|Win32
		{905B5004-9965-45BB-9169-E35BFD3D6248}.MinSizeRel|Win32.ActiveCfg = MinSizeRel|Win32
		{905B5004-9965-45BB-9169-E35BFD3D6248}.MinSizeRel|Win32.Build.0 = MinSizeRel|Win32
		{905B5004-9965-45BB-9169-E35BFD3D6248}.RelWithDebInfo|Win32.ActiveCfg = RelWithDebInfo|Win32
		{905B5004-9965-45BB-9169-E35BFD3D6248}.RelWithDebInfo|Win32.Build.0 = RelWithDebInfo|Win32
	EndGlobalSection
	GlobalSection(ExtensibilityGlobals) = postSolution
	EndGlobalSection
	GlobalSection(ExtensibilityAddIns) = postSolution
	EndGlobalSection
EndGlobal
