<?xml version="1.0" encoding="UTF-8" standalone="yes" ?>
<CodeBlocks_project_file>
   <FileVersion major="1" minor="6" />
   <Project>
      <Option title="portaudio" />
      <Option makefile_is_custom="1" />
      <Option compiler="msvc8" />
      <Option virtualFolders="CMake Files\;CMake Files\lib\;CMake Files\lib\opus-1.1\;CMake Files\lib\portaudio\;CMake Files\lib\portaudio\cmake_support\;CMake Files\..\;CMake Files\..\..\;CMake Files\..\..\..\;CMake Files\..\..\..\..\;CMake Files\..\..\..\..\..\;CMake Files\..\..\..\..\..\Qt\;CMake Files\..\..\..\..\..\Qt\Qt5.3.2\;CMake Files\..\..\..\..\..\Qt\Qt5.3.2\5.3\;CMake Files\..\..\..\..\..\Qt\Qt5.3.2\5.3\msvc2013_opengl\;CMake Files\..\..\..\..\..\Qt\Qt5.3.2\5.3\msvc2013_opengl\lib\;CMake Files\..\..\..\..\..\Qt\Qt5.3.2\5.3\msvc2013_opengl\lib\cmake\;CMake Files\..\..\..\..\..\Qt\Qt5.3.2\5.3\msvc2013_opengl\lib\cmake\Qt5Core\;CMake Files\..\..\..\..\..\Qt\Qt5.3.2\5.3\msvc2013_opengl\lib\cmake\Qt5Network\;CMake Files\..\..\..\..\..\Qt\Qt5.3.2\5.3\msvc2013_opengl\lib\cmake\Qt5Widgets\;CMake Files\..\..\..\..\..\Qt\Qt5.3.2\5.3\msvc2013_opengl\lib\cmake\Qt5Gui\;" />
      <Build>
      <Target title="all">
         <Option working_dir="C:/Users/Gabriel/Documents/Babel/client/lib/portaudio" />
         <Option type="4" />
         <MakeCommands>
            <Build command="nmake /NOLOGO /f C:\Users\Gabriel\Documents\Babel\client\lib\portaudio\Makefile VERBOSE=1 all" />
            <CompileFile command="nmake /NOLOGO /f C:\Users\Gabriel\Documents\Babel\client\lib\portaudio\Makefile VERBOSE=1 &quot;$file&quot;" />
            <Clean command="nmake /NOLOGO /f C:\Users\Gabriel\Documents\Babel\client\lib\portaudio\Makefile VERBOSE=1 clean" />
            <DistClean command="nmake /NOLOGO /f C:\Users\Gabriel\Documents\Babel\client\lib\portaudio\Makefile VERBOSE=1 clean" />
         </MakeCommands>
      </Target>
      <Target title="portaudio_automoc">
         <Option working_dir="C:/Users/Gabriel/Documents/Babel/client/lib/portaudio" />
         <Option type="4" />
         <MakeCommands>
            <Build command="nmake /NOLOGO /f C:\Users\Gabriel\Documents\Babel\client\lib\portaudio\Makefile VERBOSE=1 portaudio_automoc" />
            <CompileFile command="nmake /NOLOGO /f C:\Users\Gabriel\Documents\Babel\client\lib\portaudio\Makefile VERBOSE=1 &quot;$file&quot;" />
            <Clean command="nmake /NOLOGO /f C:\Users\Gabriel\Documents\Babel\client\lib\portaudio\Makefile VERBOSE=1 clean" />
            <DistClean command="nmake /NOLOGO /f C:\Users\Gabriel\Documents\Babel\client\lib\portaudio\Makefile VERBOSE=1 clean" />
         </MakeCommands>
      </Target>
      <Target title="portaudio_static_automoc">
         <Option working_dir="C:/Users/Gabriel/Documents/Babel/client/lib/portaudio" />
         <Option type="4" />
         <MakeCommands>
            <Build command="nmake /NOLOGO /f C:\Users\Gabriel\Documents\Babel\client\lib\portaudio\Makefile VERBOSE=1 portaudio_static_automoc" />
            <CompileFile command="nmake /NOLOGO /f C:\Users\Gabriel\Documents\Babel\client\lib\portaudio\Makefile VERBOSE=1 &quot;$file&quot;" />
            <Clean command="nmake /NOLOGO /f C:\Users\Gabriel\Documents\Babel\client\lib\portaudio\Makefile VERBOSE=1 clean" />
            <DistClean command="nmake /NOLOGO /f C:\Users\Gabriel\Documents\Babel\client\lib\portaudio\Makefile VERBOSE=1 clean" />
         </MakeCommands>
      </Target>
      <Target title="portaudio_static">
         <Option output="C:/Users/Gabriel/Documents/Babel/client/lib/portaudio/portaudio_static_x86.lib" prefix_auto="0" extension_auto="0" />
         <Option working_dir="C:/Users/Gabriel/Documents/Babel/client/lib/portaudio" />
         <Option object_output="./" />
         <Option type="2" />
         <Option compiler="msvc8" />
         <Compiler>
            <Add option="-DPA_WDMKS_NO_KSGUID_LIB" />
            <Add option="-DPAWIN_USE_WDMKS_DEVICE_INFO" />
            <Add option="-DPAWIN_USE_DIRECTSOUNDFULLDUPLEXCREATE" />
            <Add option="-D_CRT_SECURE_NO_WARNINGS" />
            <Add option="-DPORTAUDIO_CMAKE_GENERATED" />
            <Add directory="C:/Program Files (x86)/Microsoft DirectX SDK (June 2010)/Include" />
            <Add directory="C:/Users/Gabriel/Documents/Babel/client/lib/portaudio" />
            <Add directory="C:/Users/Gabriel/Documents/Babel/client/lib/portaudio/include" />
            <Add directory="C:/Users/Gabriel/Documents/Babel/client/lib/portaudio/src/common" />
            <Add directory="C:/Users/Gabriel/Documents/Babel/client/lib/portaudio/src/os/win" />
         </Compiler>
         <MakeCommands>
            <Build command="nmake /NOLOGO /f C:\Users\Gabriel\Documents\Babel\client\lib\portaudio\Makefile VERBOSE=1 portaudio_static" />
            <CompileFile command="nmake /NOLOGO /f C:\Users\Gabriel\Documents\Babel\client\lib\portaudio\Makefile VERBOSE=1 &quot;$file&quot;" />
            <Clean command="nmake /NOLOGO /f C:\Users\Gabriel\Documents\Babel\client\lib\portaudio\Makefile VERBOSE=1 clean" />
            <DistClean command="nmake /NOLOGO /f C:\Users\Gabriel\Documents\Babel\client\lib\portaudio\Makefile VERBOSE=1 clean" />
         </MakeCommands>
      </Target>
      <Target title="portaudio_static/fast">
         <Option output="C:/Users/Gabriel/Documents/Babel/client/lib/portaudio/portaudio_static_x86.lib" prefix_auto="0" extension_auto="0" />
         <Option working_dir="C:/Users/Gabriel/Documents/Babel/client/lib/portaudio" />
         <Option object_output="./" />
         <Option type="2" />
         <Option compiler="msvc8" />
         <Compiler>
            <Add option="-DPA_WDMKS_NO_KSGUID_LIB" />
            <Add option="-DPAWIN_USE_WDMKS_DEVICE_INFO" />
            <Add option="-DPAWIN_USE_DIRECTSOUNDFULLDUPLEXCREATE" />
            <Add option="-D_CRT_SECURE_NO_WARNINGS" />
            <Add option="-DPORTAUDIO_CMAKE_GENERATED" />
            <Add directory="C:/Program Files (x86)/Microsoft DirectX SDK (June 2010)/Include" />
            <Add directory="C:/Users/Gabriel/Documents/Babel/client/lib/portaudio" />
            <Add directory="C:/Users/Gabriel/Documents/Babel/client/lib/portaudio/include" />
            <Add directory="C:/Users/Gabriel/Documents/Babel/client/lib/portaudio/src/common" />
            <Add directory="C:/Users/Gabriel/Documents/Babel/client/lib/portaudio/src/os/win" />
         </Compiler>
         <MakeCommands>
            <Build command="nmake /NOLOGO /f C:\Users\Gabriel\Documents\Babel\client\lib\portaudio\Makefile VERBOSE=1 portaudio_static/fast" />
            <CompileFile command="nmake /NOLOGO /f C:\Users\Gabriel\Documents\Babel\client\lib\portaudio\Makefile VERBOSE=1 &quot;$file&quot;" />
            <Clean command="nmake /NOLOGO /f C:\Users\Gabriel\Documents\Babel\client\lib\portaudio\Makefile VERBOSE=1 clean" />
            <DistClean command="nmake /NOLOGO /f C:\Users\Gabriel\Documents\Babel\client\lib\portaudio\Makefile VERBOSE=1 clean" />
         </MakeCommands>
      </Target>
      <Target title="portaudio">
         <Option output="C:/Users/Gabriel/Documents/Babel/client/lib/portaudio/portaudio_x86.dll" prefix_auto="0" extension_auto="0" />
         <Option working_dir="C:/Users/Gabriel/Documents/Babel/client/lib/portaudio" />
         <Option object_output="./" />
         <Option type="3" />
         <Option compiler="msvc8" />
         <Compiler>
            <Add option="-DPA_WDMKS_NO_KSGUID_LIB" />
            <Add option="-DPAWIN_USE_WDMKS_DEVICE_INFO" />
            <Add option="-DPAWIN_USE_DIRECTSOUNDFULLDUPLEXCREATE" />
            <Add option="-D_CRT_SECURE_NO_WARNINGS" />
            <Add option="-DPORTAUDIO_CMAKE_GENERATED" />
            <Add directory="C:/Program Files (x86)/Microsoft DirectX SDK (June 2010)/Include" />
            <Add directory="C:/Users/Gabriel/Documents/Babel/client/lib/portaudio" />
            <Add directory="C:/Users/Gabriel/Documents/Babel/client/lib/portaudio/include" />
            <Add directory="C:/Users/Gabriel/Documents/Babel/client/lib/portaudio/src/common" />
            <Add directory="C:/Users/Gabriel/Documents/Babel/client/lib/portaudio/src/os/win" />
         </Compiler>
         <MakeCommands>
            <Build command="nmake /NOLOGO /f C:\Users\Gabriel\Documents\Babel\client\lib\portaudio\Makefile VERBOSE=1 portaudio" />
            <CompileFile command="nmake /NOLOGO /f C:\Users\Gabriel\Documents\Babel\client\lib\portaudio\Makefile VERBOSE=1 &quot;$file&quot;" />
            <Clean command="nmake /NOLOGO /f C:\Users\Gabriel\Documents\Babel\client\lib\portaudio\Makefile VERBOSE=1 clean" />
            <DistClean command="nmake /NOLOGO /f C:\Users\Gabriel\Documents\Babel\client\lib\portaudio\Makefile VERBOSE=1 clean" />
         </MakeCommands>
      </Target>
      <Target title="portaudio/fast">
         <Option output="C:/Users/Gabriel/Documents/Babel/client/lib/portaudio/portaudio_x86.dll" prefix_auto="0" extension_auto="0" />
         <Option working_dir="C:/Users/Gabriel/Documents/Babel/client/lib/portaudio" />
         <Option object_output="./" />
         <Option type="3" />
         <Option compiler="msvc8" />
         <Compiler>
            <Add option="-DPA_WDMKS_NO_KSGUID_LIB" />
            <Add option="-DPAWIN_USE_WDMKS_DEVICE_INFO" />
            <Add option="-DPAWIN_USE_DIRECTSOUNDFULLDUPLEXCREATE" />
            <Add option="-D_CRT_SECURE_NO_WARNINGS" />
            <Add option="-DPORTAUDIO_CMAKE_GENERATED" />
            <Add directory="C:/Program Files (x86)/Microsoft DirectX SDK (June 2010)/Include" />
            <Add directory="C:/Users/Gabriel/Documents/Babel/client/lib/portaudio" />
            <Add directory="C:/Users/Gabriel/Documents/Babel/client/lib/portaudio/include" />
            <Add directory="C:/Users/Gabriel/Documents/Babel/client/lib/portaudio/src/common" />
            <Add directory="C:/Users/Gabriel/Documents/Babel/client/lib/portaudio/src/os/win" />
         </Compiler>
         <MakeCommands>
            <Build command="nmake /NOLOGO /f C:\Users\Gabriel\Documents\Babel\client\lib\portaudio\Makefile VERBOSE=1 portaudio/fast" />
            <CompileFile command="nmake /NOLOGO /f C:\Users\Gabriel\Documents\Babel\client\lib\portaudio\Makefile VERBOSE=1 &quot;$file&quot;" />
            <Clean command="nmake /NOLOGO /f C:\Users\Gabriel\Documents\Babel\client\lib\portaudio\Makefile VERBOSE=1 clean" />
            <DistClean command="nmake /NOLOGO /f C:\Users\Gabriel\Documents\Babel\client\lib\portaudio\Makefile VERBOSE=1 clean" />
         </MakeCommands>
      </Target>
      </Build>
      <Unit filename="C:/Users/Gabriel/Documents/Babel/client/lib/portaudio/src/common/pa_allocation.c">
      </Unit>
      <Unit filename="C:/Users/Gabriel/Documents/Babel/client/lib/portaudio/src/common/pa_converters.c">
      </Unit>
      <Unit filename="C:/Users/Gabriel/Documents/Babel/client/lib/portaudio/src/common/pa_cpuload.c">
      </Unit>
      <Unit filename="C:/Users/Gabriel/Documents/Babel/client/lib/portaudio/src/common/pa_debugprint.c">
      </Unit>
      <Unit filename="C:/Users/Gabriel/Documents/Babel/client/lib/portaudio/src/common/pa_dither.c">
      </Unit>
      <Unit filename="C:/Users/Gabriel/Documents/Babel/client/lib/portaudio/src/common/pa_front.c">
      </Unit>
      <Unit filename="C:/Users/Gabriel/Documents/Babel/client/lib/portaudio/src/common/pa_process.c">
      </Unit>
      <Unit filename="C:/Users/Gabriel/Documents/Babel/client/lib/portaudio/src/common/pa_ringbuffer.c">
      </Unit>
      <Unit filename="C:/Users/Gabriel/Documents/Babel/client/lib/portaudio/src/common/pa_stream.c">
      </Unit>
      <Unit filename="C:/Users/Gabriel/Documents/Babel/client/lib/portaudio/src/common/pa_trace.c">
      </Unit>
      <Unit filename="C:/Users/Gabriel/Documents/Babel/client/lib/portaudio/src/hostapi/dsound/pa_win_ds.c">
      </Unit>
      <Unit filename="C:/Users/Gabriel/Documents/Babel/client/lib/portaudio/src/hostapi/dsound/pa_win_ds_dynlink.c">
      </Unit>
      <Unit filename="C:/Users/Gabriel/Documents/Babel/client/lib/portaudio/src/hostapi/skeleton/pa_hostapi_skeleton.c">
      </Unit>
      <Unit filename="C:/Users/Gabriel/Documents/Babel/client/lib/portaudio/src/hostapi/wasapi/pa_win_wasapi.c">
      </Unit>
      <Unit filename="C:/Users/Gabriel/Documents/Babel/client/lib/portaudio/src/hostapi/wdmks/pa_win_wdmks.c">
      </Unit>
      <Unit filename="C:/Users/Gabriel/Documents/Babel/client/lib/portaudio/src/hostapi/wmme/pa_win_wmme.c">
      </Unit>
      <Unit filename="C:/Users/Gabriel/Documents/Babel/client/lib/portaudio/src/os/win/pa_win_coinitialize.c">
      </Unit>
      <Unit filename="C:/Users/Gabriel/Documents/Babel/client/lib/portaudio/src/os/win/pa_win_hostapis.c">
      </Unit>
      <Unit filename="C:/Users/Gabriel/Documents/Babel/client/lib/portaudio/src/os/win/pa_win_util.c">
      </Unit>
      <Unit filename="C:/Users/Gabriel/Documents/Babel/client/lib/portaudio/src/os/win/pa_win_waveformat.c">
      </Unit>
      <Unit filename="C:/Users/Gabriel/Documents/Babel/client/lib/portaudio/src/os/win/pa_win_wdmks_utils.c">
      </Unit>
      <Unit filename="C:/Users/Gabriel/Documents/Babel/client/lib/portaudio/src/os/win/pa_x86_plain_converters.c">
      </Unit>
      <Unit filename="C:/Users/Gabriel/Documents/Babel/client/lib/portaudio/include/pa_win_ds.h">
      </Unit>
      <Unit filename="C:/Users/Gabriel/Documents/Babel/client/lib/portaudio/include/pa_win_wasapi.h">
      </Unit>
      <Unit filename="C:/Users/Gabriel/Documents/Babel/client/lib/portaudio/include/pa_win_wdmks.h">
      </Unit>
      <Unit filename="C:/Users/Gabriel/Documents/Babel/client/lib/portaudio/include/pa_win_wmme.h">
      </Unit>
      <Unit filename="C:/Users/Gabriel/Documents/Babel/client/lib/portaudio/include/portaudio.h">
      </Unit>
      <Unit filename="C:/Users/Gabriel/Documents/Babel/client/lib/portaudio/options_cmake.h">
      </Unit>
      <Unit filename="C:/Users/Gabriel/Documents/Babel/client/lib/portaudio/portaudio_cmake.def">
      </Unit>
      <Unit filename="C:/Users/Gabriel/Documents/Babel/client/lib/portaudio/src/common/pa_allocation.h">
      </Unit>
      <Unit filename="C:/Users/Gabriel/Documents/Babel/client/lib/portaudio/src/common/pa_converters.h">
      </Unit>
      <Unit filename="C:/Users/Gabriel/Documents/Babel/client/lib/portaudio/src/common/pa_cpuload.h">
      </Unit>
      <Unit filename="C:/Users/Gabriel/Documents/Babel/client/lib/portaudio/src/common/pa_debugprint.h">
      </Unit>
      <Unit filename="C:/Users/Gabriel/Documents/Babel/client/lib/portaudio/src/common/pa_dither.h">
      </Unit>
      <Unit filename="C:/Users/Gabriel/Documents/Babel/client/lib/portaudio/src/common/pa_endianness.h">
      </Unit>
      <Unit filename="C:/Users/Gabriel/Documents/Babel/client/lib/portaudio/src/common/pa_hostapi.h">
      </Unit>
      <Unit filename="C:/Users/Gabriel/Documents/Babel/client/lib/portaudio/src/common/pa_memorybarrier.h">
      </Unit>
      <Unit filename="C:/Users/Gabriel/Documents/Babel/client/lib/portaudio/src/common/pa_process.h">
      </Unit>
      <Unit filename="C:/Users/Gabriel/Documents/Babel/client/lib/portaudio/src/common/pa_ringbuffer.h">
      </Unit>
      <Unit filename="C:/Users/Gabriel/Documents/Babel/client/lib/portaudio/src/common/pa_stream.h">
      </Unit>
      <Unit filename="C:/Users/Gabriel/Documents/Babel/client/lib/portaudio/src/common/pa_trace.h">
      </Unit>
      <Unit filename="C:/Users/Gabriel/Documents/Babel/client/lib/portaudio/src/common/pa_types.h">
      </Unit>
      <Unit filename="C:/Users/Gabriel/Documents/Babel/client/lib/portaudio/src/common/pa_util.h">
      </Unit>
      <Unit filename="C:/Users/Gabriel/Documents/Babel/client/lib/portaudio/src/hostapi/dsound/pa_win_ds_dynlink.h">
      </Unit>
      <Unit filename="C:/Users/Gabriel/Documents/Babel/client/lib/portaudio/src/os/win/pa_win_coinitialize.h">
      </Unit>
      <Unit filename="C:/Users/Gabriel/Documents/Babel/client/lib/portaudio/src/os/win/pa_win_wdmks_utils.h">
      </Unit>
      <Unit filename="C:/Users/Gabriel/Documents/Babel/client/lib/portaudio/src/os/win/pa_x86_plain_converters.h">
      </Unit>
      <Unit filename="C:/Users/Gabriel/Documents/Babel/client/CMakeLists.txt">
          <Option virtualFolder="CMake Files\" />
      </Unit>
      <Unit filename="C:/Users/Gabriel/Documents/Babel/client/lib/opus-1.1/CMakeLists.txt">
          <Option virtualFolder="CMake Files\lib\opus-1.1\" />
      </Unit>
      <Unit filename="C:/Users/Gabriel/Documents/Babel/client/lib/opus-1.1/CMakeLists.txt">
          <Option virtualFolder="CMake Files\lib\opus-1.1\" />
      </Unit>
      <Unit filename="C:/Users/Gabriel/Documents/Babel/client/lib/portaudio/CMakeLists.txt">
          <Option virtualFolder="CMake Files\lib\portaudio\" />
      </Unit>
      <Unit filename="C:/Users/Gabriel/Documents/Babel/client/lib/portaudio/CMakeLists.txt">
          <Option virtualFolder="CMake Files\lib\portaudio\" />
      </Unit>
      <Unit filename="C:/Users/Gabriel/Documents/Babel/client/lib/portaudio/cmake_support/FindDXSDK.cmake">
          <Option virtualFolder="CMake Files\lib\portaudio\cmake_support\" />
      </Unit>
      <Unit filename="C:/Users/Gabriel/Documents/Babel/client/lib/portaudio/cmake_support/FindASIOSDK.cmake">
          <Option virtualFolder="CMake Files\lib\portaudio\cmake_support\" />
      </Unit>
      <Unit filename="C:/Users/Gabriel/Documents/Babel/client/lib/portaudio/cmake_support/template_portaudio.def">
          <Option virtualFolder="CMake Files\lib\portaudio\cmake_support\" />
      </Unit>
      <Unit filename="C:/Users/Gabriel/Documents/Babel/client/lib/portaudio/cmake_support/options_cmake.h.in">
          <Option virtualFolder="CMake Files\lib\portaudio\cmake_support\" />
      </Unit>
      <Unit filename="C:/Users/Gabriel/Documents/Babel/client/lib/portaudio/cmake_support/FindDXSDK.cmake">
          <Option virtualFolder="CMake Files\lib\portaudio\cmake_support\" />
      </Unit>
      <Unit filename="C:/Users/Gabriel/Documents/Babel/client/lib/portaudio/cmake_support/FindASIOSDK.cmake">
          <Option virtualFolder="CMake Files\lib\portaudio\cmake_support\" />
      </Unit>
      <Unit filename="C:/Users/Gabriel/Documents/Babel/client/lib/portaudio/cmake_support/template_portaudio.def">
          <Option virtualFolder="CMake Files\lib\portaudio\cmake_support\" />
      </Unit>
      <Unit filename="C:/Users/Gabriel/Documents/Babel/client/lib/portaudio/cmake_support/options_cmake.h.in">
          <Option virtualFolder="CMake Files\lib\portaudio\cmake_support\" />
      </Unit>
      <Unit filename="C:/Users/Gabriel/Documents/Babel/client/../../../../../Qt/Qt5.3.2/5.3/msvc2013_opengl/lib/cmake/Qt5Core/Qt5CoreConfigVersion.cmake">
          <Option virtualFolder="CMake Files\..\..\..\..\..\Qt\Qt5.3.2\5.3\msvc2013_opengl\lib\cmake\Qt5Core\" />
      </Unit>
      <Unit filename="C:/Users/Gabriel/Documents/Babel/client/../../../../../Qt/Qt5.3.2/5.3/msvc2013_opengl/lib/cmake/Qt5Core/Qt5CoreConfig.cmake">
          <Option virtualFolder="CMake Files\..\..\..\..\..\Qt\Qt5.3.2\5.3\msvc2013_opengl\lib\cmake\Qt5Core\" />
      </Unit>
      <Unit filename="C:/Users/Gabriel/Documents/Babel/client/../../../../../Qt/Qt5.3.2/5.3/msvc2013_opengl/lib/cmake/Qt5Core/Qt5CoreConfigExtras.cmake">
          <Option virtualFolder="CMake Files\..\..\..\..\..\Qt\Qt5.3.2\5.3\msvc2013_opengl\lib\cmake\Qt5Core\" />
      </Unit>
      <Unit filename="C:/Users/Gabriel/Documents/Babel/client/../../../../../Qt/Qt5.3.2/5.3/msvc2013_opengl/lib/cmake/Qt5Core/Qt5CoreConfigExtrasMkspecDir.cmake">
          <Option virtualFolder="CMake Files\..\..\..\..\..\Qt\Qt5.3.2\5.3\msvc2013_opengl\lib\cmake\Qt5Core\" />
      </Unit>
      <Unit filename="C:/Users/Gabriel/Documents/Babel/client/../../../../../Qt/Qt5.3.2/5.3/msvc2013_opengl/lib/cmake/Qt5Core/Qt5CoreMacros.cmake">
          <Option virtualFolder="CMake Files\..\..\..\..\..\Qt\Qt5.3.2\5.3\msvc2013_opengl\lib\cmake\Qt5Core\" />
      </Unit>
      <Unit filename="C:/Users/Gabriel/Documents/Babel/client/../../../../../Qt/Qt5.3.2/5.3/msvc2013_opengl/lib/cmake/Qt5Network/Qt5NetworkConfigVersion.cmake">
          <Option virtualFolder="CMake Files\..\..\..\..\..\Qt\Qt5.3.2\5.3\msvc2013_opengl\lib\cmake\Qt5Network\" />
      </Unit>
      <Unit filename="C:/Users/Gabriel/Documents/Babel/client/../../../../../Qt/Qt5.3.2/5.3/msvc2013_opengl/lib/cmake/Qt5Network/Qt5NetworkConfig.cmake">
          <Option virtualFolder="CMake Files\..\..\..\..\..\Qt\Qt5.3.2\5.3\msvc2013_opengl\lib\cmake\Qt5Network\" />
      </Unit>
      <Unit filename="C:/Users/Gabriel/Documents/Babel/client/../../../../../Qt/Qt5.3.2/5.3/msvc2013_opengl/lib/cmake/Qt5Network/Qt5Network_QGenericEnginePlugin.cmake">
          <Option virtualFolder="CMake Files\..\..\..\..\..\Qt\Qt5.3.2\5.3\msvc2013_opengl\lib\cmake\Qt5Network\" />
      </Unit>
      <Unit filename="C:/Users/Gabriel/Documents/Babel/client/../../../../../Qt/Qt5.3.2/5.3/msvc2013_opengl/lib/cmake/Qt5Network/Qt5Network_QNativeWifiEnginePlugin.cmake">
          <Option virtualFolder="CMake Files\..\..\..\..\..\Qt\Qt5.3.2\5.3\msvc2013_opengl\lib\cmake\Qt5Network\" />
      </Unit>
      <Unit filename="C:/Users/Gabriel/Documents/Babel/client/../../../../../Qt/Qt5.3.2/5.3/msvc2013_opengl/lib/cmake/Qt5Widgets/Qt5WidgetsConfigVersion.cmake">
          <Option virtualFolder="CMake Files\..\..\..\..\..\Qt\Qt5.3.2\5.3\msvc2013_opengl\lib\cmake\Qt5Widgets\" />
      </Unit>
      <Unit filename="C:/Users/Gabriel/Documents/Babel/client/../../../../../Qt/Qt5.3.2/5.3/msvc2013_opengl/lib/cmake/Qt5Widgets/Qt5WidgetsConfig.cmake">
          <Option virtualFolder="CMake Files\..\..\..\..\..\Qt\Qt5.3.2\5.3\msvc2013_opengl\lib\cmake\Qt5Widgets\" />
      </Unit>
      <Unit filename="C:/Users/Gabriel/Documents/Babel/client/../../../../../Qt/Qt5.3.2/5.3/msvc2013_opengl/lib/cmake/Qt5Widgets/Qt5WidgetsConfigExtras.cmake">
          <Option virtualFolder="CMake Files\..\..\..\..\..\Qt\Qt5.3.2\5.3\msvc2013_opengl\lib\cmake\Qt5Widgets\" />
      </Unit>
      <Unit filename="C:/Users/Gabriel/Documents/Babel/client/../../../../../Qt/Qt5.3.2/5.3/msvc2013_opengl/lib/cmake/Qt5Widgets/Qt5Widgets_AccessibleFactory.cmake">
          <Option virtualFolder="CMake Files\..\..\..\..\..\Qt\Qt5.3.2\5.3\msvc2013_opengl\lib\cmake\Qt5Widgets\" />
      </Unit>
      <Unit filename="C:/Users/Gabriel/Documents/Babel/client/../../../../../Qt/Qt5.3.2/5.3/msvc2013_opengl/lib/cmake/Qt5Widgets/Qt5WidgetsMacros.cmake">
          <Option virtualFolder="CMake Files\..\..\..\..\..\Qt\Qt5.3.2\5.3\msvc2013_opengl\lib\cmake\Qt5Widgets\" />
      </Unit>
      <Unit filename="C:/Users/Gabriel/Documents/Babel/client/../../../../../Qt/Qt5.3.2/5.3/msvc2013_opengl/lib/cmake/Qt5Gui/Qt5GuiConfigVersion.cmake">
          <Option virtualFolder="CMake Files\..\..\..\..\..\Qt\Qt5.3.2\5.3\msvc2013_opengl\lib\cmake\Qt5Gui\" />
      </Unit>
      <Unit filename="C:/Users/Gabriel/Documents/Babel/client/../../../../../Qt/Qt5.3.2/5.3/msvc2013_opengl/lib/cmake/Qt5Gui/Qt5GuiConfig.cmake">
          <Option virtualFolder="CMake Files\..\..\..\..\..\Qt\Qt5.3.2\5.3\msvc2013_opengl\lib\cmake\Qt5Gui\" />
      </Unit>
      <Unit filename="C:/Users/Gabriel/Documents/Babel/client/../../../../../Qt/Qt5.3.2/5.3/msvc2013_opengl/lib/cmake/Qt5Gui/Qt5Gui_QDDSPlugin.cmake">
          <Option virtualFolder="CMake Files\..\..\..\..\..\Qt\Qt5.3.2\5.3\msvc2013_opengl\lib\cmake\Qt5Gui\" />
      </Unit>
      <Unit filename="C:/Users/Gabriel/Documents/Babel/client/../../../../../Qt/Qt5.3.2/5.3/msvc2013_opengl/lib/cmake/Qt5Gui/Qt5Gui_QGifPlugin.cmake">
          <Option virtualFolder="CMake Files\..\..\..\..\..\Qt\Qt5.3.2\5.3\msvc2013_opengl\lib\cmake\Qt5Gui\" />
      </Unit>
      <Unit filename="C:/Users/Gabriel/Documents/Babel/client/../../../../../Qt/Qt5.3.2/5.3/msvc2013_opengl/lib/cmake/Qt5Gui/Qt5Gui_QICNSPlugin.cmake">
          <Option virtualFolder="CMake Files\..\..\..\..\..\Qt\Qt5.3.2\5.3\msvc2013_opengl\lib\cmake\Qt5Gui\" />
      </Unit>
      <Unit filename="C:/Users/Gabriel/Documents/Babel/client/../../../../../Qt/Qt5.3.2/5.3/msvc2013_opengl/lib/cmake/Qt5Gui/Qt5Gui_QICOPlugin.cmake">
          <Option virtualFolder="CMake Files\..\..\..\..\..\Qt\Qt5.3.2\5.3\msvc2013_opengl\lib\cmake\Qt5Gui\" />
      </Unit>
      <Unit filename="C:/Users/Gabriel/Documents/Babel/client/../../../../../Qt/Qt5.3.2/5.3/msvc2013_opengl/lib/cmake/Qt5Gui/Qt5Gui_QJp2Plugin.cmake">
          <Option virtualFolder="CMake Files\..\..\..\..\..\Qt\Qt5.3.2\5.3\msvc2013_opengl\lib\cmake\Qt5Gui\" />
      </Unit>
      <Unit filename="C:/Users/Gabriel/Documents/Babel/client/../../../../../Qt/Qt5.3.2/5.3/msvc2013_opengl/lib/cmake/Qt5Gui/Qt5Gui_QJpegPlugin.cmake">
          <Option virtualFolder="CMake Files\..\..\..\..\..\Qt\Qt5.3.2\5.3\msvc2013_opengl\lib\cmake\Qt5Gui\" />
      </Unit>
      <Unit filename="C:/Users/Gabriel/Documents/Babel/client/../../../../../Qt/Qt5.3.2/5.3/msvc2013_opengl/lib/cmake/Qt5Gui/Qt5Gui_QMinimalIntegrationPlugin.cmake">
          <Option virtualFolder="CMake Files\..\..\..\..\..\Qt\Qt5.3.2\5.3\msvc2013_opengl\lib\cmake\Qt5Gui\" />
      </Unit>
      <Unit filename="C:/Users/Gabriel/Documents/Babel/client/../../../../../Qt/Qt5.3.2/5.3/msvc2013_opengl/lib/cmake/Qt5Gui/Qt5Gui_QMngPlugin.cmake">
          <Option virtualFolder="CMake Files\..\..\..\..\..\Qt\Qt5.3.2\5.3\msvc2013_opengl\lib\cmake\Qt5Gui\" />
      </Unit>
      <Unit filename="C:/Users/Gabriel/Documents/Babel/client/../../../../../Qt/Qt5.3.2/5.3/msvc2013_opengl/lib/cmake/Qt5Gui/Qt5Gui_QOffscreenIntegrationPlugin.cmake">
          <Option virtualFolder="CMake Files\..\..\..\..\..\Qt\Qt5.3.2\5.3\msvc2013_opengl\lib\cmake\Qt5Gui\" />
      </Unit>
      <Unit filename="C:/Users/Gabriel/Documents/Babel/client/../../../../../Qt/Qt5.3.2/5.3/msvc2013_opengl/lib/cmake/Qt5Gui/Qt5Gui_QTgaPlugin.cmake">
          <Option virtualFolder="CMake Files\..\..\..\..\..\Qt\Qt5.3.2\5.3\msvc2013_opengl\lib\cmake\Qt5Gui\" />
      </Unit>
      <Unit filename="C:/Users/Gabriel/Documents/Babel/client/../../../../../Qt/Qt5.3.2/5.3/msvc2013_opengl/lib/cmake/Qt5Gui/Qt5Gui_QTiffPlugin.cmake">
          <Option virtualFolder="CMake Files\..\..\..\..\..\Qt\Qt5.3.2\5.3\msvc2013_opengl\lib\cmake\Qt5Gui\" />
      </Unit>
      <Unit filename="C:/Users/Gabriel/Documents/Babel/client/../../../../../Qt/Qt5.3.2/5.3/msvc2013_opengl/lib/cmake/Qt5Gui/Qt5Gui_QWbmpPlugin.cmake">
          <Option virtualFolder="CMake Files\..\..\..\..\..\Qt\Qt5.3.2\5.3\msvc2013_opengl\lib\cmake\Qt5Gui\" />
      </Unit>
      <Unit filename="C:/Users/Gabriel/Documents/Babel/client/../../../../../Qt/Qt5.3.2/5.3/msvc2013_opengl/lib/cmake/Qt5Gui/Qt5Gui_QWebpPlugin.cmake">
          <Option virtualFolder="CMake Files\..\..\..\..\..\Qt\Qt5.3.2\5.3\msvc2013_opengl\lib\cmake\Qt5Gui\" />
      </Unit>
      <Unit filename="C:/Users/Gabriel/Documents/Babel/client/../../../../../Qt/Qt5.3.2/5.3/msvc2013_opengl/lib/cmake/Qt5Gui/Qt5Gui_QWindowsIntegrationPlugin.cmake">
          <Option virtualFolder="CMake Files\..\..\..\..\..\Qt\Qt5.3.2\5.3\msvc2013_opengl\lib\cmake\Qt5Gui\" />
      </Unit>
      <Unit filename="C:/Users/Gabriel/Documents/Babel/client/../../../../../Qt/Qt5.3.2/5.3/msvc2013_opengl/lib/cmake/Qt5Gui/Qt5GuiConfigExtras.cmake">
          <Option virtualFolder="CMake Files\..\..\..\..\..\Qt\Qt5.3.2\5.3\msvc2013_opengl\lib\cmake\Qt5Gui\" />
      </Unit>
   </Project>
</CodeBlocks_project_file>
