<?xml version="1.0" encoding="Windows-1252"?>
<Project ToolsVersion="12.0" xmlns="http://schemas.microsoft.com/developer/msbuild/2003">
  <ItemGroup>
    <CustomBuild Include="C:\Users\Gabriel\Documents\Babel\client\lib\portaudio\CMakeFiles\b19f32a1c804f43a3fb1362c902dd2e4\generate.stamp.rule">
      <Filter>CMake Rules</Filter>
    </CustomBuild>
  </ItemGroup>
  <ItemGroup>
    <Filter Include="CMake Rules">
      <UniqueIdentifier>{EB0CC068-606D-4DC8-B4E9-25ABC7FE46D1}</UniqueIdentifier>
    </Filter>
  </ItemGroup>
</Project>
